<?xml version="1.0" encoding="utf-8"?>
<Project ToolsVersion="4.0" xmlns="http://schemas.microsoft.com/developer/msbuild/2003">
  <ItemGroup>
    <Filter Include="源文件">
      <UniqueIdentifier>{4FC737F1-C7A5-4376-A066-2A32D752A2FF}</UniqueIdentifier>
      <Extensions>cpp;c;cc;cxx;c++;cppm;ixx;def;odl;idl;hpj;bat;asm;asmx</Extensions>
    </Filter>
    <Filter Include="头文件">
      <UniqueIdentifier>{93995380-89BD-4b04-88EB-625FBE52EBFB}</UniqueIdentifier>
      <Extensions>h;hh;hpp;hxx;h++;hm;inl;inc;ipp;xsd</Extensions>
    </Filter>
    <Filter Include="资源文件">
      <UniqueIdentifier>{67DA6AB6-F800-4c08-8B7A-83BB121AAD01}</UniqueIdentifier>
      <Extensions>rc;ico;cur;bmp;dlg;rc2;rct;bin;rgs;gif;jpg;jpeg;jpe;resx;tiff;tif;png;wav;mfcribbon-ms</Extensions>
    </Filter>
    <Filter Include="源文件\Vulkan">
      <UniqueIdentifier>{35300e12-3c07-4984-ae72-25fc101b20c2}</UniqueIdentifier>
    </Filter>
    <Filter Include="源文件\sandbox">
      <UniqueIdentifier>{8710bd75-8c08-4568-9ca5-f57fddbc3cf8}</UniqueIdentifier>
    </Filter>
  </ItemGroup>
  <ItemGroup>
    <ClCompile Include="Test\FunctionTest\main.cpp">
      <Filter>源文件</Filter>
    </ClCompile>
    <ClCompile Include="Render\Vulkan_Program.cpp">
      <Filter>源文件\Vulkan</Filter>
    </ClCompile>
    <ClCompile Include="Test\FunctionTest\test.cpp">
      <Filter>源文件\sandbox</Filter>
    </ClCompile>
    <ClCompile Include="Render\Vulkan\context.cpp">
      <Filter>源文件\Vulkan</Filter>
    </ClCompile>
    <ClCompile Include="Render\Vulkan\swapchain.cpp">
      <Filter>源文件\Vulkan</Filter>
    </ClCompile>
    <ClCompile Include="Render\Vulkan\shader.cpp">
      <Filter>源文件</Filter>
    </ClCompile>
    <ClCompile Include="Render\Vulkan\render_process.cpp">
      <Filter>源文件</Filter>
    </ClCompile>
    <ClCompile Include="Render\Vulkan\renderer.cpp">
      <Filter>源文件</Filter>
    </ClCompile>
    <ClCompile Include="Render\Vulkan\buffer.cpp">
      <Filter>源文件</Filter>
    </ClCompile>
    <ClCompile Include="Render\Vulkan\command_manager.cpp">
      <Filter>源文件</Filter>
    </ClCompile>
    <ClCompile Include="Render\Common\math.cpp">
      <Filter>源文件</Filter>
    </ClCompile>
    <ClCompile Include="Control\camera.cpp">
      <Filter>源文件</Filter>
    </ClCompile>
    <ClCompile Include="Render\Vulkan\texture.cpp">
      <Filter>源文件</Filter>
    </ClCompile>
    <ClCompile Include="Control\InputHandler.cpp">
      <Filter>源文件</Filter>
    </ClCompile>
    <ClCompile Include="Render\Vulkan\cumpute.cpp">
      <Filter>源文件</Filter>
    </ClCompile>
  </ItemGroup>
  <ItemGroup>
    <ClInclude Include="Render\include\Vulkan_Program.h">
      <Filter>头文件</Filter>
    </ClInclude>
    <ClInclude Include="Render\Vulkan\include\context.hpp">
      <Filter>头文件</Filter>
    </ClInclude>
    <ClInclude Include="Render\Common\include\tool.hpp">
      <Filter>头文件</Filter>
    </ClInclude>
    <ClInclude Include="Render\Vulkan\include\swapchain.hpp">
      <Filter>头文件</Filter>
    </ClInclude>
    <ClInclude Include="Render\Vulkan\include\shader.hpp">
      <Filter>头文件</Filter>
    </ClInclude>
    <ClInclude Include="Render\Vulkan\include\render_process.hpp">
      <Filter>头文件</Filter>
    </ClInclude>
    <ClInclude Include="Render\Vulkan\include\renderer.hpp">
      <Filter>头文件</Filter>
    </ClInclude>
    <ClInclude Include="Render\Common\include\math.hpp">
      <Filter>头文件</Filter>
    </ClInclude>
    <ClInclude Include="Render\Vulkan\include\buffer.hpp">
      <Filter>头文件</Filter>
    </ClInclude>
    <ClInclude Include="Render\Vulkan\include\command_manager.hpp">
      <Filter>头文件</Filter>
    </ClInclude>
    <ClInclude Include="Render\Common\include\uniform.hpp">
      <Filter>头文件</Filter>
    </ClInclude>
    <ClInclude Include="Control\include\camera.hpp">
      <Filter>头文件</Filter>
    </ClInclude>
    <ClInclude Include="Render\Vulkan\include\texture.hpp">
      <Filter>头文件</Filter>
    </ClInclude>
    <ClInclude Include="Control\include\InputHandler.hpp">
      <Filter>头文件</Filter>
    </ClInclude>
    <ClInclude Include="Render\Vulkan\include\cumpute.hpp">
      <Filter>头文件</Filter>
    </ClInclude>
  </ItemGroup>
  <ItemGroup>
    <None Include="res\Shader\Vertex01.shader" />
    <None Include="res\Shader\Fragment.shader" />
    <None Include="res\Shader\dxt_encode.comp" />
  </ItemGroup>
</Project>